
Microsoft Visual Studio Solution File, Format Version 12.00
# Visual Studio Version 17
VisualStudioVersion = 17.13.35913.81 d17.13
MinimumVisualStudioVersion = 10.0.40219.1
Project("{FAE04EC0-301F-11D3-BF4B-00C04F79EFBC}") = "QuanLyQuanCafe", "QuanLyQuanCafe\QuanLyQuanCafe.csproj", "{389D0D7F-79D5-4CDC-9CAA-833BC3BE614B}"
EndProject
Global
	GlobalSection(SolutionConfigurationPlatforms) = preSolution
		Debug|Any CPU = Debug|Any CPU
		Release|Any CPU = Release|Any CPU
	EndGlobalSection
	GlobalSection(ProjectConfigurationPlatforms) = postSolution
		{389D0D7F-79D5-4CDC-9CAA-833BC3BE614B}.Debug|Any CPU.ActiveCfg = Debug|Any CPU
		{389D0D7F-79D5-4CDC-9CAA-833BC3BE614B}.Debug|Any CPU.Build.0 = Debug|Any CPU
		{389D0D7F-79D5-4CDC-9CAA-833BC3BE614B}.Release|Any CPU.ActiveCfg = Release|Any CPU
		{389D0D7F-79D5-4CDC-9CAA-833BC3BE614B}.Release|Any CPU.Build.0 = Release|Any CPU
	EndGlobalSection
	GlobalSection(SolutionProperties) = preSolution
		HideSolutionNode = FALSE
	EndGlobalSection
	GlobalSection(ExtensibilityGlobals) = postSolution
		SolutionGuid = {5D2BFEDF-1751-43EA-AF34-6501C9727183}
	EndGlobalSection
EndGlobal
